
Microsoft Visual Studio Solution File, Format Version 12.00
# Visual Studio 15
VisualStudioVersion = 15.0.28307.1259
MinimumVisualStudioVersion = 10.0.40219.1
Project("{8BC9CEB8-8B4A-11D0-8D11-00A0C91BC942}") = "QtWidgetsApplication3", "QtWidgetsApplication3\QtWidgetsApplication3.vcxproj", "{A784DDE1-FB65-43B7-ACDC-3D9ED7AE668E}"
EndProject
Global
	GlobalSection(SolutionConfigurationPlatforms) = preSolution
		Debug|x64 = Debug|x64
		Release|x64 = Release|x64
	EndGlobalSection
	GlobalSection(ProjectConfigurationPlatforms) = postSolution
		{A784DDE1-FB65-43B7-ACDC-3D9ED7AE668E}.Debug|x64.ActiveCfg = Debug|x64
		{A784DDE1-FB65-43B7-ACDC-3D9ED7AE668E}.Debug|x64.Build.0 = Debug|x64
		{A784DDE1-FB65-43B7-ACDC-3D9ED7AE668E}.Release|x64.ActiveCfg = Release|x64
		{A784DDE1-FB65-43B7-ACDC-3D9ED7AE668E}.Release|x64.Build.0 = Release|x64
	EndGlobalSection
	GlobalSection(SolutionProperties) = preSolution
		HideSolutionNode = FALSE
	EndGlobalSection
	GlobalSection(ExtensibilityGlobals) = postSolution
		SolutionGuid = {A35B2778-EC25-4A37-8401-5891CD3CD908}
	EndGlobalSection
EndGlobal
